
Microsoft Visual Studio Solution File, Format Version 12.00
# Visual Studio Version 16
VisualStudioVersion = 16.0.31321.278
MinimumVisualStudioVersion = 10.0.40219.1
Project("{FAE04EC0-301F-11D3-BF4B-00C04F79EFBC}") = "PrimeraAppMovilNaac.Android", "PrimeraAppMovilNaac\PrimeraAppMovilNaac.Android\PrimeraAppMovilNaac.Android.csproj", "{B9BC886C-568B-4718-9F56-67AB0736C1DE}"
EndProject
Project("{FAE04EC0-301F-11D3-BF4B-00C04F79EFBC}") = "PrimeraAppMovilNaac.iOS", "PrimeraAppMovilNaac\PrimeraAppMovilNaac.iOS\PrimeraAppMovilNaac.iOS.csproj", "{15C37217-F37E-4078-99D4-0EAD4C6E4158}"
EndProject
Project("{FAE04EC0-301F-11D3-BF4B-00C04F79EFBC}") = "PrimeraAppMovilNaac", "PrimeraAppMovilNaac\PrimeraAppMovilNaac\PrimeraAppMovilNaac.csproj", "{161F34F6-1EA1-41F2-AF0E-1BAEF2432C09}"
EndProject
Global
	GlobalSection(SolutionConfigurationPlatforms) = preSolution
		Debug|Any CPU = Debug|Any CPU
		Debug|iPhone = Debug|iPhone
		Debug|iPhoneSimulator = Debug|iPhoneSimulator
		Release|Any CPU = Release|Any CPU
		Release|iPhone = Release|iPhone
		Release|iPhoneSimulator = Release|iPhoneSimulator
	EndGlobalSection
	GlobalSection(ProjectConfigurationPlatforms) = postSolution
		{B9BC886C-568B-4718-9F56-67AB0736C1DE}.Debug|Any CPU.ActiveCfg = Debug|Any CPU
		{B9BC886C-568B-4718-9F56-67AB0736C1DE}.Debug|Any CPU.Build.0 = Debug|Any CPU
		{B9BC886C-568B-4718-9F56-67AB0736C1DE}.Debug|Any CPU.Deploy.0 = Debug|Any CPU
		{B9BC886C-568B-4718-9F56-67AB0736C1DE}.Debug|iPhone.ActiveCfg = Debug|Any CPU
		{B9BC886C-568B-4718-9F56-67AB0736C1DE}.Debug|iPhone.Build.0 = Debug|Any CPU
		{B9BC886C-568B-4718-9F56-67AB0736C1DE}.Debug|iPhone.Deploy.0 = Debug|Any CPU
		{B9BC886C-568B-4718-9F56-67AB0736C1DE}.Debug|iPhoneSimulator.ActiveCfg = Debug|Any CPU
		{B9BC886C-568B-4718-9F56-67AB0736C1DE}.Debug|iPhoneSimulator.Build.0 = Debug|Any CPU
		{B9BC886C-568B-4718-9F56-67AB0736C1DE}.Debug|iPhoneSimulator.Deploy.0 = Debug|Any CPU
		{B9BC886C-568B-4718-9F56-67AB0736C1DE}.Release|Any CPU.ActiveCfg = Release|Any CPU
		{B9BC886C-568B-4718-9F56-67AB0736C1DE}.Release|Any CPU.Build.0 = Release|Any CPU
		{B9BC886C-568B-4718-9F56-67AB0736C1DE}.Release|Any CPU.Deploy.0 = Release|Any CPU
		{B9BC886C-568B-4718-9F56-67AB0736C1DE}.Release|iPhone.ActiveCfg = Release|Any CPU
		{B9BC886C-568B-4718-9F56-67AB0736C1DE}.Release|iPhone.Build.0 = Release|Any CPU
		{B9BC886C-568B-4718-9F56-67AB0736C1DE}.Release|iPhone.Deploy.0 = Release|Any CPU
		{B9BC886C-568B-4718-9F56-67AB0736C1DE}.Release|iPhoneSimulator.ActiveCfg = Release|Any CPU
		{B9BC886C-568B-4718-9F56-67AB0736C1DE}.Release|iPhoneSimulator.Build.0 = Release|Any CPU
		{B9BC886C-568B-4718-9F56-67AB0736C1DE}.Release|iPhoneSimulator.Deploy.0 = Release|Any CPU
		{15C37217-F37E-4078-99D4-0EAD4C6E4158}.Debug|Any CPU.ActiveCfg = Debug|iPhone
		{15C37217-F37E-4078-99D4-0EAD4C6E4158}.Debug|Any CPU.Build.0 = Debug|iPhone
		{15C37217-F37E-4078-99D4-0EAD4C6E4158}.Debug|Any CPU.Deploy.0 = Debug|iPhone
		{15C37217-F37E-4078-99D4-0EAD4C6E4158}.Debug|iPhone.ActiveCfg = Debug|iPhone
		{15C37217-F37E-4078-99D4-0EAD4C6E4158}.Debug|iPhone.Build.0 = Debug|iPhone
		{15C37217-F37E-4078-99D4-0EAD4C6E4158}.Debug|iPhone.Deploy.0 = Debug|iPhone
		{15C37217-F37E-4078-99D4-0EAD4C6E4158}.Debug|iPhoneSimulator.ActiveCfg = Debug|iPhoneSimulator
		{15C37217-F37E-4078-99D4-0EAD4C6E4158}.Debug|iPhoneSimulator.Build.0 = Debug|iPhoneSimulator
		{15C37217-F37E-4078-99D4-0EAD4C6E4158}.Debug|iPhoneSimulator.Deploy.0 = Debug|iPhoneSimulator
		{15C37217-F37E-4078-99D4-0EAD4C6E4158}.Release|Any CPU.ActiveCfg = Release|iPhoneSimulator
		{15C37217-F37E-4078-99D4-0EAD4C6E4158}.Release|Any CPU.Build.0 = Release|iPhoneSimulator
		{15C37217-F37E-4078-99D4-0EAD4C6E4158}.Release|Any CPU.Deploy.0 = Release|iPhoneSimulator
		{15C37217-F37E-4078-99D4-0EAD4C6E4158}.Release|iPhone.ActiveCfg = Release|iPhone
		{15C37217-F37E-4078-99D4-0EAD4C6E4158}.Release|iPhone.Build.0 = Release|iPhone
		{15C37217-F37E-4078-99D4-0EAD4C6E4158}.Release|iPhone.Deploy.0 = Release|iPhone
		{15C37217-F37E-4078-99D4-0EAD4C6E4158}.Release|iPhoneSimulator.ActiveCfg = Release|iPhoneSimulator
		{15C37217-F37E-4078-99D4-0EAD4C6E4158}.Release|iPhoneSimulator.Build.0 = Release|iPhoneSimulator
		{15C37217-F37E-4078-99D4-0EAD4C6E4158}.Release|iPhoneSimulator.Deploy.0 = Release|iPhoneSimulator
		{161F34F6-1EA1-41F2-AF0E-1BAEF2432C09}.Debug|Any CPU.ActiveCfg = Debug|Any CPU
		{161F34F6-1EA1-41F2-AF0E-1BAEF2432C09}.Debug|Any CPU.Build.0 = Debug|Any CPU
		{161F34F6-1EA1-41F2-AF0E-1BAEF2432C09}.Debug|Any CPU.Deploy.0 = Debug|Any CPU
		{161F34F6-1EA1-41F2-AF0E-1BAEF2432C09}.Debug|iPhone.ActiveCfg = Debug|Any CPU
		{161F34F6-1EA1-41F2-AF0E-1BAEF2432C09}.Debug|iPhone.Build.0 = Debug|Any CPU
		{161F34F6-1EA1-41F2-AF0E-1BAEF2432C09}.Debug|iPhone.Deploy.0 = Debug|Any CPU
		{161F34F6-1EA1-41F2-AF0E-1BAEF2432C09}.Debug|iPhoneSimulator.ActiveCfg = Debug|Any CPU
		{161F34F6-1EA1-41F2-AF0E-1BAEF2432C09}.Debug|iPhoneSimulator.Build.0 = Debug|Any CPU
		{161F34F6-1EA1-41F2-AF0E-1BAEF2432C09}.Debug|iPhoneSimulator.Deploy.0 = Debug|Any CPU
		{161F34F6-1EA1-41F2-AF0E-1BAEF2432C09}.Release|Any CPU.ActiveCfg = Release|Any CPU
		{161F34F6-1EA1-41F2-AF0E-1BAEF2432C09}.Release|Any CPU.Build.0 = Release|Any CPU
		{161F34F6-1EA1-41F2-AF0E-1BAEF2432C09}.Release|Any CPU.Deploy.0 = Release|Any CPU
		{161F34F6-1EA1-41F2-AF0E-1BAEF2432C09}.Release|iPhone.ActiveCfg = Release|Any CPU
		{161F34F6-1EA1-41F2-AF0E-1BAEF2432C09}.Release|iPhone.Build.0 = Release|Any CPU
		{161F34F6-1EA1-41F2-AF0E-1BAEF2432C09}.Release|iPhone.Deploy.0 = Release|Any CPU
		{161F34F6-1EA1-41F2-AF0E-1BAEF2432C09}.Release|iPhoneSimulator.ActiveCfg = Release|Any CPU
		{161F34F6-1EA1-41F2-AF0E-1BAEF2432C09}.Release|iPhoneSimulator.Build.0 = Release|Any CPU
		{161F34F6-1EA1-41F2-AF0E-1BAEF2432C09}.Release|iPhoneSimulator.Deploy.0 = Release|Any CPU
	EndGlobalSection
	GlobalSection(SolutionProperties) = preSolution
		HideSolutionNode = FALSE
	EndGlobalSection
	GlobalSection(ExtensibilityGlobals) = postSolution
		SolutionGuid = {9FED60B4-E0A8-458B-A101-107D8CFB37E2}
	EndGlobalSection
EndGlobal
